
Microsoft Visual Studio Solution File, Format Version 12.00
# Visual Studio Version 16
VisualStudioVersion = 16.0.30717.126
MinimumVisualStudioVersion = 10.0.40219.1
Project("{FAE04EC0-301F-11D3-BF4B-00C04F79EFBC}") = "M5_JOBS", "M5_JOBS.csproj", "{4AF3F8D8-9E04-4E48-9B38-6756DAFC87C7}"
EndProject
Global
	GlobalSection(SolutionConfigurationPlatforms) = preSolution
		Debug|Any CPU = Debug|Any CPU
		Release|Any CPU = Release|Any CPU
	EndGlobalSection
	GlobalSection(ProjectConfigurationPlatforms) = postSolution
		{4AF3F8D8-9E04-4E48-9B38-6756DAFC87C7}.Debug|Any CPU.ActiveCfg = Debug|Any CPU
		{4AF3F8D8-9E04-4E48-9B38-6756DAFC87C7}.Debug|Any CPU.Build.0 = Debug|Any CPU
		{4AF3F8D8-9E04-4E48-9B38-6756DAFC87C7}.Release|Any CPU.ActiveCfg = Release|Any CPU
		{4AF3F8D8-9E04-4E48-9B38-6756DAFC87C7}.Release|Any CPU.Build.0 = Release|Any CPU
	EndGlobalSection
	GlobalSection(SolutionProperties) = preSolution
		HideSolutionNode = FALSE
	EndGlobalSection
	GlobalSection(ExtensibilityGlobals) = postSolution
		SolutionGuid = {1DB55C14-DBC0-43D5-908E-5A049409A4E6}
	EndGlobalSection
EndGlobal
